
Microsoft Visual Studio Solution File, Format Version 12.00
# Visual Studio 2012
Project("{FAE04EC0-301F-11D3-BF4B-00C04F79EFBC}") = "DirectShow", "DirectShow\DirectShow.csproj", "{AD108C10-3D47-44CB-AB23-BC189744DCCA}"
EndProject
Project("{FAE04EC0-301F-11D3-BF4B-00C04F79EFBC}") = "CaptureExample", "CaptureExample\CaptureExample.csproj", "{CC7ED83C-BE82-4A4F-BB38-61DEDFA3113A}"
EndProject
Global
	GlobalSection(SolutionConfigurationPlatforms) = preSolution
		Debug|Any CPU = Debug|Any CPU
		Release|Any CPU = Release|Any CPU
	EndGlobalSection
	GlobalSection(ProjectConfigurationPlatforms) = postSolution
		{AD108C10-3D47-44CB-AB23-BC189744DCCA}.Debug|Any CPU.ActiveCfg = Debug|Any CPU
		{AD108C10-3D47-44CB-AB23-BC189744DCCA}.Debug|Any CPU.Build.0 = Debug|Any CPU
		{AD108C10-3D47-44CB-AB23-BC189744DCCA}.Release|Any CPU.ActiveCfg = Release|Any CPU
		{AD108C10-3D47-44CB-AB23-BC189744DCCA}.Release|Any CPU.Build.0 = Release|Any CPU
		{CC7ED83C-BE82-4A4F-BB38-61DEDFA3113A}.Debug|Any CPU.ActiveCfg = Debug|Any CPU
		{CC7ED83C-BE82-4A4F-BB38-61DEDFA3113A}.Debug|Any CPU.Build.0 = Debug|Any CPU
		{CC7ED83C-BE82-4A4F-BB38-61DEDFA3113A}.Release|Any CPU.ActiveCfg = Release|Any CPU
		{CC7ED83C-BE82-4A4F-BB38-61DEDFA3113A}.Release|Any CPU.Build.0 = Release|Any CPU
	EndGlobalSection
	GlobalSection(SolutionProperties) = preSolution
		HideSolutionNode = FALSE
	EndGlobalSection
EndGlobal
